
Microsoft Visual Studio Solution File, Format Version 12.00
# Visual Studio Version 17
VisualStudioVersion = 17.8.34511.84
MinimumVisualStudioVersion = 10.0.40219.1
Project("{FAE04EC0-301F-11D3-BF4B-00C04F79EFBC}") = "Arac_kullanimi_3", "Arac_kullanimi_3\Arac_kullanimi_3.csproj", "{A9AEAA5F-E0FB-412C-A5FE-34653051AB24}"
EndProject
Global
	GlobalSection(SolutionConfigurationPlatforms) = preSolution
		Debug|Any CPU = Debug|Any CPU
		Release|Any CPU = Release|Any CPU
	EndGlobalSection
	GlobalSection(ProjectConfigurationPlatforms) = postSolution
		{A9AEAA5F-E0FB-412C-A5FE-34653051AB24}.Debug|Any CPU.ActiveCfg = Debug|Any CPU
		{A9AEAA5F-E0FB-412C-A5FE-34653051AB24}.Debug|Any CPU.Build.0 = Debug|Any CPU
		{A9AEAA5F-E0FB-412C-A5FE-34653051AB24}.Release|Any CPU.ActiveCfg = Release|Any CPU
		{A9AEAA5F-E0FB-412C-A5FE-34653051AB24}.Release|Any CPU.Build.0 = Release|Any CPU
	EndGlobalSection
	GlobalSection(SolutionProperties) = preSolution
		HideSolutionNode = FALSE
	EndGlobalSection
	GlobalSection(ExtensibilityGlobals) = postSolution
		SolutionGuid = {59AF8C99-1DDB-4C37-A2E9-0150F56B708C}
	EndGlobalSection
EndGlobal
