
Microsoft Visual Studio Solution File, Format Version 12.00
# Visual Studio Version 17
VisualStudioVersion = 17.8.34511.84
MinimumVisualStudioVersion = 10.0.40219.1
Project("{FAE04EC0-301F-11D3-BF4B-00C04F79EFBC}") = "Sinif_return_metot", "Sinif_return_metot\Sinif_return_metot.csproj", "{BA93BC11-530E-49C2-A9FD-A844671571EF}"
EndProject
Global
	GlobalSection(SolutionConfigurationPlatforms) = preSolution
		Debug|Any CPU = Debug|Any CPU
		Release|Any CPU = Release|Any CPU
	EndGlobalSection
	GlobalSection(ProjectConfigurationPlatforms) = postSolution
		{BA93BC11-530E-49C2-A9FD-A844671571EF}.Debug|Any CPU.ActiveCfg = Debug|Any CPU
		{BA93BC11-530E-49C2-A9FD-A844671571EF}.Debug|Any CPU.Build.0 = Debug|Any CPU
		{BA93BC11-530E-49C2-A9FD-A844671571EF}.Release|Any CPU.ActiveCfg = Release|Any CPU
		{BA93BC11-530E-49C2-A9FD-A844671571EF}.Release|Any CPU.Build.0 = Release|Any CPU
	EndGlobalSection
	GlobalSection(SolutionProperties) = preSolution
		HideSolutionNode = FALSE
	EndGlobalSection
	GlobalSection(ExtensibilityGlobals) = postSolution
		SolutionGuid = {AFD7A712-85C7-4482-AC69-A995E2B91FB0}
	EndGlobalSection
EndGlobal
