
Microsoft Visual Studio Solution File, Format Version 12.00
# Visual Studio Version 17
VisualStudioVersion = 17.8.34511.84
MinimumVisualStudioVersion = 10.0.40219.1
Project("{FAE04EC0-301F-11D3-BF4B-00C04F79EFBC}") = "Arac_kullanimlari", "Arac_kullanimlari\Arac_kullanimlari.csproj", "{2574CED8-B5DA-4AAD-9227-8B25A23F140E}"
EndProject
Global
	GlobalSection(SolutionConfigurationPlatforms) = preSolution
		Debug|Any CPU = Debug|Any CPU
		Release|Any CPU = Release|Any CPU
	EndGlobalSection
	GlobalSection(ProjectConfigurationPlatforms) = postSolution
		{2574CED8-B5DA-4AAD-9227-8B25A23F140E}.Debug|Any CPU.ActiveCfg = Debug|Any CPU
		{2574CED8-B5DA-4AAD-9227-8B25A23F140E}.Debug|Any CPU.Build.0 = Debug|Any CPU
		{2574CED8-B5DA-4AAD-9227-8B25A23F140E}.Release|Any CPU.ActiveCfg = Release|Any CPU
		{2574CED8-B5DA-4AAD-9227-8B25A23F140E}.Release|Any CPU.Build.0 = Release|Any CPU
	EndGlobalSection
	GlobalSection(SolutionProperties) = preSolution
		HideSolutionNode = FALSE
	EndGlobalSection
	GlobalSection(ExtensibilityGlobals) = postSolution
		SolutionGuid = {F96324EB-FD31-4B26-AAF2-8B5116294AB0}
	EndGlobalSection
EndGlobal
