
Microsoft Visual Studio Solution File, Format Version 12.00
# Visual Studio Version 17
VisualStudioVersion = 17.8.34511.84
MinimumVisualStudioVersion = 10.0.40219.1
Project("{FAE04EC0-301F-11D3-BF4B-00C04F79EFBC}") = "Arac_kullanimi_2", "Arac_kullanimi_2\Arac_kullanimi_2.csproj", "{585688F9-354F-4D2A-AEFA-8368688E3E69}"
EndProject
Global
	GlobalSection(SolutionConfigurationPlatforms) = preSolution
		Debug|Any CPU = Debug|Any CPU
		Release|Any CPU = Release|Any CPU
	EndGlobalSection
	GlobalSection(ProjectConfigurationPlatforms) = postSolution
		{585688F9-354F-4D2A-AEFA-8368688E3E69}.Debug|Any CPU.ActiveCfg = Debug|Any CPU
		{585688F9-354F-4D2A-AEFA-8368688E3E69}.Debug|Any CPU.Build.0 = Debug|Any CPU
		{585688F9-354F-4D2A-AEFA-8368688E3E69}.Release|Any CPU.ActiveCfg = Release|Any CPU
		{585688F9-354F-4D2A-AEFA-8368688E3E69}.Release|Any CPU.Build.0 = Release|Any CPU
	EndGlobalSection
	GlobalSection(SolutionProperties) = preSolution
		HideSolutionNode = FALSE
	EndGlobalSection
	GlobalSection(ExtensibilityGlobals) = postSolution
		SolutionGuid = {CF342ECF-A22A-4FA1-BC4A-67A59E46F76A}
	EndGlobalSection
EndGlobal
