
Microsoft Visual Studio Solution File, Format Version 12.00
# Visual Studio Version 17
VisualStudioVersion = 17.8.34525.116
MinimumVisualStudioVersion = 10.0.40219.1
Project("{FAE04EC0-301F-11D3-BF4B-00C04F79EFBC}") = "Sql_Personel_Liste", "Sql_Personel_Liste\Sql_Personel_Liste.csproj", "{360347CD-507F-4881-B630-8725EE4BC214}"
EndProject
Project("{54435603-DBB4-11D2-8724-00A0C9A8B90C}") = "Sql_Personel_Setup", "..\..\..\..\Desktop\Sql_Personel_Setup\Sql_Personel_Setup.vdproj", "{6B3FA3D5-60E2-444D-920F-64CB4624E040}"
EndProject
Global
	GlobalSection(SolutionConfigurationPlatforms) = preSolution
		Debug|Any CPU = Debug|Any CPU
		Release|Any CPU = Release|Any CPU
	EndGlobalSection
	GlobalSection(ProjectConfigurationPlatforms) = postSolution
		{360347CD-507F-4881-B630-8725EE4BC214}.Debug|Any CPU.ActiveCfg = Debug|Any CPU
		{360347CD-507F-4881-B630-8725EE4BC214}.Debug|Any CPU.Build.0 = Debug|Any CPU
		{360347CD-507F-4881-B630-8725EE4BC214}.Release|Any CPU.ActiveCfg = Release|Any CPU
		{360347CD-507F-4881-B630-8725EE4BC214}.Release|Any CPU.Build.0 = Release|Any CPU
		{6B3FA3D5-60E2-444D-920F-64CB4624E040}.Debug|Any CPU.ActiveCfg = Debug
		{6B3FA3D5-60E2-444D-920F-64CB4624E040}.Release|Any CPU.ActiveCfg = Release
	EndGlobalSection
	GlobalSection(SolutionProperties) = preSolution
		HideSolutionNode = FALSE
	EndGlobalSection
	GlobalSection(ExtensibilityGlobals) = postSolution
		SolutionGuid = {2F5EAC3B-3339-4BDC-ABFD-00A65772FB0D}
	EndGlobalSection
EndGlobal
