
Microsoft Visual Studio Solution File, Format Version 12.00
# Visual Studio Version 17
VisualStudioVersion = 17.8.34525.116
MinimumVisualStudioVersion = 10.0.40219.1
Project("{FAE04EC0-301F-11D3-BF4B-00C04F79EFBC}") = "Menı_Strip_Sinema", "Menı_Strip_Sinema\Menı_Strip_Sinema.csproj", "{50676E22-EC41-4233-859A-68C17E6C3860}"
EndProject
Global
	GlobalSection(SolutionConfigurationPlatforms) = preSolution
		Debug|Any CPU = Debug|Any CPU
		Release|Any CPU = Release|Any CPU
	EndGlobalSection
	GlobalSection(ProjectConfigurationPlatforms) = postSolution
		{50676E22-EC41-4233-859A-68C17E6C3860}.Debug|Any CPU.ActiveCfg = Debug|Any CPU
		{50676E22-EC41-4233-859A-68C17E6C3860}.Debug|Any CPU.Build.0 = Debug|Any CPU
		{50676E22-EC41-4233-859A-68C17E6C3860}.Release|Any CPU.ActiveCfg = Release|Any CPU
		{50676E22-EC41-4233-859A-68C17E6C3860}.Release|Any CPU.Build.0 = Release|Any CPU
	EndGlobalSection
	GlobalSection(SolutionProperties) = preSolution
		HideSolutionNode = FALSE
	EndGlobalSection
	GlobalSection(ExtensibilityGlobals) = postSolution
		SolutionGuid = {A2F55904-ED84-4C5F-88E0-0026C3D89D6F}
	EndGlobalSection
EndGlobal
