
Microsoft Visual Studio Solution File, Format Version 12.00
# Visual Studio Version 17
VisualStudioVersion = 17.8.34525.116
MinimumVisualStudioVersion = 10.0.40219.1
Project("{FAE04EC0-301F-11D3-BF4B-00C04F79EFBC}") = "E_Okul_Proje", "E_Okul_Proje\E_Okul_Proje.csproj", "{452FA031-27BF-4333-AB05-C16F12284268}"
EndProject
Global
	GlobalSection(SolutionConfigurationPlatforms) = preSolution
		Debug|Any CPU = Debug|Any CPU
		Release|Any CPU = Release|Any CPU
	EndGlobalSection
	GlobalSection(ProjectConfigurationPlatforms) = postSolution
		{452FA031-27BF-4333-AB05-C16F12284268}.Debug|Any CPU.ActiveCfg = Debug|Any CPU
		{452FA031-27BF-4333-AB05-C16F12284268}.Debug|Any CPU.Build.0 = Debug|Any CPU
		{452FA031-27BF-4333-AB05-C16F12284268}.Release|Any CPU.ActiveCfg = Release|Any CPU
		{452FA031-27BF-4333-AB05-C16F12284268}.Release|Any CPU.Build.0 = Release|Any CPU
	EndGlobalSection
	GlobalSection(SolutionProperties) = preSolution
		HideSolutionNode = FALSE
	EndGlobalSection
	GlobalSection(ExtensibilityGlobals) = postSolution
		SolutionGuid = {54728CDB-D8BD-4442-9A2C-6A58460E5F42}
	EndGlobalSection
EndGlobal
