
Microsoft Visual Studio Solution File, Format Version 12.00
# Visual Studio Version 17
VisualStudioVersion = 17.8.34511.84
MinimumVisualStudioVersion = 10.0.40219.1
Project("{FAE04EC0-301F-11D3-BF4B-00C04F79EFBC}") = "Constructor_örnek_2", "Constructor_örnek_2\Constructor_örnek_2.csproj", "{22485E3D-892C-4DDF-B790-53F7DA8ACB96}"
EndProject
Global
	GlobalSection(SolutionConfigurationPlatforms) = preSolution
		Debug|Any CPU = Debug|Any CPU
		Release|Any CPU = Release|Any CPU
	EndGlobalSection
	GlobalSection(ProjectConfigurationPlatforms) = postSolution
		{22485E3D-892C-4DDF-B790-53F7DA8ACB96}.Debug|Any CPU.ActiveCfg = Debug|Any CPU
		{22485E3D-892C-4DDF-B790-53F7DA8ACB96}.Debug|Any CPU.Build.0 = Debug|Any CPU
		{22485E3D-892C-4DDF-B790-53F7DA8ACB96}.Release|Any CPU.ActiveCfg = Release|Any CPU
		{22485E3D-892C-4DDF-B790-53F7DA8ACB96}.Release|Any CPU.Build.0 = Release|Any CPU
	EndGlobalSection
	GlobalSection(SolutionProperties) = preSolution
		HideSolutionNode = FALSE
	EndGlobalSection
	GlobalSection(ExtensibilityGlobals) = postSolution
		SolutionGuid = {5B65EA23-91B4-45E3-B27C-00C630112811}
	EndGlobalSection
EndGlobal
