
Microsoft Visual Studio Solution File, Format Version 12.00
# Visual Studio Version 17
VisualStudioVersion = 17.8.34511.84
MinimumVisualStudioVersion = 10.0.40219.1
Project("{FAE04EC0-301F-11D3-BF4B-00C04F79EFBC}") = "Class_Örnek_Proje", "Class_Örnek_Proje\Class_Örnek_Proje.csproj", "{A21A55C4-D03B-4656-AB87-6C4458872AC2}"
EndProject
Global
	GlobalSection(SolutionConfigurationPlatforms) = preSolution
		Debug|Any CPU = Debug|Any CPU
		Release|Any CPU = Release|Any CPU
	EndGlobalSection
	GlobalSection(ProjectConfigurationPlatforms) = postSolution
		{A21A55C4-D03B-4656-AB87-6C4458872AC2}.Debug|Any CPU.ActiveCfg = Debug|Any CPU
		{A21A55C4-D03B-4656-AB87-6C4458872AC2}.Debug|Any CPU.Build.0 = Debug|Any CPU
		{A21A55C4-D03B-4656-AB87-6C4458872AC2}.Release|Any CPU.ActiveCfg = Release|Any CPU
		{A21A55C4-D03B-4656-AB87-6C4458872AC2}.Release|Any CPU.Build.0 = Release|Any CPU
	EndGlobalSection
	GlobalSection(SolutionProperties) = preSolution
		HideSolutionNode = FALSE
	EndGlobalSection
	GlobalSection(ExtensibilityGlobals) = postSolution
		SolutionGuid = {092A77CD-7802-40C5-8004-49DD139AB4BE}
	EndGlobalSection
EndGlobal
