
Microsoft Visual Studio Solution File, Format Version 12.00
# Visual Studio Version 17
VisualStudioVersion = 17.14.36511.14 d17.14
MinimumVisualStudioVersion = 10.0.40219.1
Project("{FAE04EC0-301F-11D3-BF4B-00C04F79EFBC}") = "ConsoleApp1", "ConsoleApp1\ConsoleApp1.csproj", "{597CC98C-0C09-413C-924D-399BEF2B1410}"
EndProject
Global
	GlobalSection(SolutionConfigurationPlatforms) = preSolution
		Debug|Any CPU = Debug|Any CPU
		Release|Any CPU = Release|Any CPU
	EndGlobalSection
	GlobalSection(ProjectConfigurationPlatforms) = postSolution
		{597CC98C-0C09-413C-924D-399BEF2B1410}.Debug|Any CPU.ActiveCfg = Debug|Any CPU
		{597CC98C-0C09-413C-924D-399BEF2B1410}.Debug|Any CPU.Build.0 = Debug|Any CPU
		{597CC98C-0C09-413C-924D-399BEF2B1410}.Release|Any CPU.ActiveCfg = Release|Any CPU
		{597CC98C-0C09-413C-924D-399BEF2B1410}.Release|Any CPU.Build.0 = Release|Any CPU
	EndGlobalSection
	GlobalSection(SolutionProperties) = preSolution
		HideSolutionNode = FALSE
	EndGlobalSection
	GlobalSection(ExtensibilityGlobals) = postSolution
		SolutionGuid = {68DA28A4-1133-4B73-9B1C-E9D27C925977}
	EndGlobalSection
EndGlobal
