
Microsoft Visual Studio Solution File, Format Version 12.00
# Visual Studio Version 17
VisualStudioVersion = 17.8.34511.84
MinimumVisualStudioVersion = 10.0.40219.1
Project("{FAE04EC0-301F-11D3-BF4B-00C04F79EFBC}") = "Sinema_büfe_proje", "Sinema_büfe_proje\Sinema_büfe_proje.csproj", "{D2B14C5E-6746-403B-88BE-CD58F5C54B90}"
EndProject
Global
	GlobalSection(SolutionConfigurationPlatforms) = preSolution
		Debug|Any CPU = Debug|Any CPU
		Release|Any CPU = Release|Any CPU
	EndGlobalSection
	GlobalSection(ProjectConfigurationPlatforms) = postSolution
		{D2B14C5E-6746-403B-88BE-CD58F5C54B90}.Debug|Any CPU.ActiveCfg = Debug|Any CPU
		{D2B14C5E-6746-403B-88BE-CD58F5C54B90}.Debug|Any CPU.Build.0 = Debug|Any CPU
		{D2B14C5E-6746-403B-88BE-CD58F5C54B90}.Release|Any CPU.ActiveCfg = Release|Any CPU
		{D2B14C5E-6746-403B-88BE-CD58F5C54B90}.Release|Any CPU.Build.0 = Release|Any CPU
	EndGlobalSection
	GlobalSection(SolutionProperties) = preSolution
		HideSolutionNode = FALSE
	EndGlobalSection
	GlobalSection(ExtensibilityGlobals) = postSolution
		SolutionGuid = {2B7026F4-F81F-4B41-84B9-0B9AF05476D9}
	EndGlobalSection
EndGlobal
